lockfileVersion: 5.4

specifiers:
  cookie-parser: ~1.4.4
  debug: ~2.6.9
  ejs: ~2.6.1
  express: ~4.16.1
  express-session: ^1.17.3
  http-errors: ~1.6.3
  morgan: ~1.9.1
  sequelize: ^6.29.0

dependencies:
  cookie-parser: 1.4.6
  debug: 2.6.9
  ejs: 2.6.2
  express: 4.16.4
  express-session: 1.17.3
  http-errors: 1.6.3
  morgan: 1.9.1
  sequelize: 6.29.0

packages:

  /@types/debug/4.1.7:
    resolution: {integrity: sha512-9AonUzyTjXXhEOa0DnqpzZi6VHlqKMswga9EXjpXnnqxwLtdvPPtlO8evrI5D9S6asFRCQ6v+wpiUKbw+vKqyg==}
    dependencies:
      '@types/ms': 0.7.31
    dev: false

  /@types/ms/0.7.31:
    resolution: {integrity: sha512-iiUgKzV9AuaEkZqkOLDIvlQiL6ltuZd9tGcW3gwpnX8JbuiuhFlEGmmFXEXkN50Cvq7Os88IY2v0dkDqXYWVgA==}
    dev: false

  /@types/node/18.14.2:
    resolution: {integrity: sha512-1uEQxww3DaghA0RxqHx0O0ppVlo43pJhepY51OxuQIKHpjbnYLA7vcdwioNPzIqmC2u3I/dmylcqjlh0e7AyUA==}
    dev: false

  /@types/validator/13.7.12:
    resolution: {integrity: sha512-YVtyAPqpefU+Mm/qqnOANW6IkqKpCSrarcyV269C8MA8Ux0dbkEuQwM/4CjL47kVEM2LgBef/ETfkH+c6+moFA==}
    dev: false

  /accepts/1.3.8:
    resolution: {integrity: sha512-PYAthTa2m2VKxuvSD3DPC/Gy+U+sOA1LAuT8mkmRuvw+NACSaeXEQ+NHcVF7rONl6qcaxV3Uuemwawk+7+SJLw==}
    engines: {node: '>= 0.6'}
    dependencies:
      mime-types: 2.1.35
      negotiator: 0.6.3
    dev: false

  /array-flatten/1.1.1:
    resolution: {integrity: sha512-PCVAQswWemu6UdxsDFFX/+gVeYqKAod3D3UVm91jHwynguOwAvYPhx8nNlM++NqRcK6CxxpUafjmhIdKiHibqg==}
    dev: false

  /basic-auth/2.0.1:
    resolution: {integrity: sha512-NF+epuEdnUYVlGuhaxbbq+dvJttwLnGY+YixlXlME5KpQ5W3CnXA5cVTneY3SPbPDRkcjMbifrwmFYcClgOZeg==}
    engines: {node: '>= 0.8'}
    dependencies:
      safe-buffer: 5.1.2
    dev: false

  /body-parser/1.18.3:
    resolution: {integrity: sha512-YQyoqQG3sO8iCmf8+hyVpgHHOv0/hCEFiS4zTGUwTA1HjAFX66wRcNQrVCeJq9pgESMRvUAOvSil5MJlmccuKQ==}
    engines: {node: '>= 0.8'}
    dependencies:
      bytes: 3.0.0
      content-type: 1.0.5
      debug: 2.6.9
      depd: 1.1.2
      http-errors: 1.6.3
      iconv-lite: 0.4.23
      on-finished: 2.3.0
      qs: 6.5.2
      raw-body: 2.3.3
      type-is: 1.6.18
    transitivePeerDependencies:
      - supports-color
    dev: false

  /bytes/3.0.0:
    resolution: {integrity: sha512-pMhOfFDPiv9t5jjIXkHosWmkSyQbvsgEVNkz0ERHbuLh2T/7j4Mqqpz523Fe8MVY89KC6Sh/QfS2sM+SjgFDcw==}
    engines: {node: '>= 0.8'}
    dev: false

  /content-disposition/0.5.2:
    resolution: {integrity: sha512-kRGRZw3bLlFISDBgwTSA1TMBFN6J6GWDeubmDE3AF+3+yXL8hTWv8r5rkLbqYXY4RjPk/EzHnClI3zQf1cFmHA==}
    engines: {node: '>= 0.6'}
    dev: false

  /content-type/1.0.5:
    resolution: {integrity: sha512-nTjqfcBFEipKdXCv4YDQWCfmcLZKm81ldF0pAopTvyrFGVbcR6P/VAAd5G7N+0tTr8QqiU0tFadD6FK4NtJwOA==}
    engines: {node: '>= 0.6'}
    dev: false

  /cookie-parser/1.4.6:
    resolution: {integrity: sha512-z3IzaNjdwUC2olLIB5/ITd0/setiaFMLYiZJle7xg5Fe9KWAceil7xszYfHHBtDFYLSgJduS2Ty0P1uJdPDJeA==}
    engines: {node: '>= 0.8.0'}
    dependencies:
      cookie: 0.4.1
      cookie-signature: 1.0.6
    dev: false

  /cookie-signature/1.0.6:
    resolution: {integrity: sha512-QADzlaHc8icV8I7vbaJXJwod9HWYp8uCqf1xa4OfNu1T7JVxQIrUgOWtHdNDtPiywmFbiS12VjotIXLrKM3orQ==}
    dev: false

  /cookie/0.3.1:
    resolution: {integrity: sha512-+IJOX0OqlHCszo2mBUq+SrEbCj6w7Kpffqx60zYbPTFaO4+yYgRjHwcZNpWvaTylDHaV7PPmBHzSecZiMhtPgw==}
    engines: {node: '>= 0.6'}
    dev: false

  /cookie/0.4.1:
    resolution: {integrity: sha512-ZwrFkGJxUR3EIoXtO+yVE69Eb7KlixbaeAWfBQB9vVsNn/o+Yw69gBWSSDK825hQNdN+wF8zELf3dFNl/kxkUA==}
    engines: {node: '>= 0.6'}
    dev: false

  /cookie/0.4.2:
    resolution: {integrity: sha512-aSWTXFzaKWkvHO1Ny/s+ePFpvKsPnjc551iI41v3ny/ow6tBG5Vd+FuqGNhh1LxOmVzOlGUriIlOaokOvhaStA==}
    engines: {node: '>= 0.6'}
    dev: false

  /debug/2.6.9:
    resolution: {integrity: sha512-bC7ElrdJaJnPbAP+1EotYvqZsb3ecl5wi6Bfi6BJTUcNowp6cvspg0jXznRTKDjm/E7AdgFBVeAPVMNcKGsHMA==}
    peerDependencies:
      supports-color: '*'
    peerDependenciesMeta:
      supports-color:
        optional: true
    dependencies:
      ms: 2.0.0
    dev: false

  /debug/4.3.4:
    resolution: {integrity: sha512-PRWFHuSU3eDtQJPvnNY7Jcket1j0t5OuOsFzPPzsekD52Zl8qUfFIPEiswXqIvHWGVHOgX+7G/vCNNhehwxfkQ==}
    engines: {node: '>=6.0'}
    peerDependencies:
      supports-color: '*'
    peerDependenciesMeta:
      supports-color:
        optional: true
    dependencies:
      ms: 2.1.2
    dev: false

  /depd/1.1.2:
    resolution: {integrity: sha512-7emPTl6Dpo6JRXOXjLRxck+FlLRX5847cLKEn00PLAgc3g2hTZZgr+e4c2v6QpSmLeFP3n5yUo7ft6avBK/5jQ==}
    engines: {node: '>= 0.6'}
    dev: false

  /depd/2.0.0:
    resolution: {integrity: sha512-g7nH6P6dyDioJogAAGprGpCtVImJhpPk/roCzdb3fIh61/s/nPsfR6onyMwkCAR/OlC3yBC0lESvUoQEAssIrw==}
    engines: {node: '>= 0.8'}
    dev: false

  /destroy/1.0.4:
    resolution: {integrity: sha512-3NdhDuEXnfun/z7x9GOElY49LoqVHoGScmOKwmxhsS8N5Y+Z8KyPPDnaSzqWgYt/ji4mqwfTS34Htrk0zPIXVg==}
    dev: false

  /dottie/2.0.3:
    resolution: {integrity: sha512-4liA0PuRkZWQFQjwBypdxPfZaRWiv5tkhMXY2hzsa2pNf5s7U3m9cwUchfNKe8wZQxdGPQQzO6Rm2uGe0rvohQ==}
    dev: false

  /ee-first/1.1.1:
    resolution: {integrity: sha512-WMwm9LhRUo+WUaRN+vRuETqG89IgZphVSNkdFgeb6sS/E4OrDIN7t48CAewSHXc6C8lefD8KKfr5vY61brQlow==}
    dev: false

  /ejs/2.6.2:
    resolution: {integrity: sha512-PcW2a0tyTuPHz3tWyYqtK6r1fZ3gp+3Sop8Ph+ZYN81Ob5rwmbHEzaqs10N3BEsaGTkh/ooniXK+WwszGlc2+Q==}
    engines: {node: '>=0.10.0'}
    dev: false

  /encodeurl/1.0.2:
    resolution: {integrity: sha512-TPJXq8JqFaVYm2CWmPvnP2Iyo4ZSM7/QKcSmuMLDObfpH5fi7RUGmd/rTDf+rut/saiDiQEeVTNgAmJEdAOx0w==}
    engines: {node: '>= 0.8'}
    dev: false

  /escape-html/1.0.3:
    resolution: {integrity: sha512-NiSupZ4OeuGwr68lGIeym/ksIZMJodUGOSCZ/FSnTxcrekbvqrgdUxlJOMpijaKZVjAJrWrGs/6Jy8OMuyj9ow==}
    dev: false

  /etag/1.8.1:
    resolution: {integrity: sha512-aIL5Fx7mawVa300al2BnEE4iNvo1qETxLrPI/o05L7z6go7fCw1J6EQmbK4FmJ2AS7kgVF/KEZWufBfdClMcPg==}
    engines: {node: '>= 0.6'}
    dev: false

  /express-session/1.17.3:
    resolution: {integrity: sha512-4+otWXlShYlG1Ma+2Jnn+xgKUZTMJ5QD3YvfilX3AcocOAbIkVylSWEklzALe/+Pu4qV6TYBj5GwOBFfdKqLBw==}
    engines: {node: '>= 0.8.0'}
    dependencies:
      cookie: 0.4.2
      cookie-signature: 1.0.6
      debug: 2.6.9
      depd: 2.0.0
      on-headers: 1.0.2
      parseurl: 1.3.3
      safe-buffer: 5.2.1
      uid-safe: 2.1.5
    transitivePeerDependencies:
      - supports-color
    dev: false

  /express/4.16.4:
    resolution: {integrity: sha512-j12Uuyb4FMrd/qQAm6uCHAkPtO8FDTRJZBDd5D2KOL2eLaz1yUNdUB/NOIyq0iU4q4cFarsUCrnFDPBcnksuOg==}
    engines: {node: '>= 0.10.0'}
    dependencies:
      accepts: 1.3.8
      array-flatten: 1.1.1
      body-parser: 1.18.3
      content-disposition: 0.5.2
      content-type: 1.0.5
      cookie: 0.3.1
      cookie-signature: 1.0.6
      debug: 2.6.9
      depd: 1.1.2
      encodeurl: 1.0.2
      escape-html: 1.0.3
      etag: 1.8.1
      finalhandler: 1.1.1
      fresh: 0.5.2
      merge-descriptors: 1.0.1
      methods: 1.1.2
      on-finished: 2.3.0
      parseurl: 1.3.3
      path-to-regexp: 0.1.7
      proxy-addr: 2.0.7
      qs: 6.5.2
      range-parser: 1.2.1
      safe-buffer: 5.1.2
      send: 0.16.2
      serve-static: 1.13.2
      setprototypeof: 1.1.0
      statuses: 1.4.0
      type-is: 1.6.18
      utils-merge: 1.0.1
      vary: 1.1.2
    transitivePeerDependencies:
      - supports-color
    dev: false

  /finalhandler/1.1.1:
    resolution: {integrity: sha512-Y1GUDo39ez4aHAw7MysnUD5JzYX+WaIj8I57kO3aEPT1fFRL4sr7mjei97FgnwhAyyzRYmQZaTHb2+9uZ1dPtg==}
    engines: {node: '>= 0.8'}
    dependencies:
      debug: 2.6.9
      encodeurl: 1.0.2
      escape-html: 1.0.3
      on-finished: 2.3.0
      parseurl: 1.3.3
      statuses: 1.4.0
      unpipe: 1.0.0
    transitivePeerDependencies:
      - supports-color
    dev: false

  /forwarded/0.2.0:
    resolution: {integrity: sha512-buRG0fpBtRHSTCOASe6hD258tEubFoRLb4ZNA6NxMVHNw2gOcwHo9wyablzMzOA5z9xA9L1KNjk/Nt6MT9aYow==}
    engines: {node: '>= 0.6'}
    dev: false

  /fresh/0.5.2:
    resolution: {integrity: sha512-zJ2mQYM18rEFOudeV4GShTGIQ7RbzA7ozbU9I/XBpm7kqgMywgmylMwXHxZJmkVoYkna9d2pVXVXPdYTP9ej8Q==}
    engines: {node: '>= 0.6'}
    dev: false

  /http-errors/1.6.3:
    resolution: {integrity: sha512-lks+lVC8dgGyh97jxvxeYTWQFvh4uw4yC12gVl63Cg30sjPX4wuGcdkICVXDAESr6OJGjqGA8Iz5mkeN6zlD7A==}
    engines: {node: '>= 0.6'}
    dependencies:
      depd: 1.1.2
      inherits: 2.0.3
      setprototypeof: 1.1.0
      statuses: 1.5.0
    dev: false

  /iconv-lite/0.4.23:
    resolution: {integrity: sha512-neyTUVFtahjf0mB3dZT77u+8O0QB89jFdnBkd5P1JgYPbPaia3gXXOVL2fq8VyU2gMMD7SaN7QukTB/pmXYvDA==}
    engines: {node: '>=0.10.0'}
    dependencies:
      safer-buffer: 2.1.2
    dev: false

  /inflection/1.13.4:
    resolution: {integrity: sha512-6I/HUDeYFfuNCVS3td055BaXBwKYuzw7K3ExVMStBowKo9oOAMJIXIHvdyR3iboTCp1b+1i5DSkIZTcwIktuDw==}
    engines: {'0': node >= 0.4.0}
    dev: false

  /inherits/2.0.3:
    resolution: {integrity: sha512-x00IRNXNy63jwGkJmzPigoySHbaqpNuzKbBOmzK+g2OdZpQ9w+sxCN+VSB3ja7IAge2OP2qpfxTjeNcyjmW1uw==}
    dev: false

  /ipaddr.js/1.9.1:
    resolution: {integrity: sha512-0KI/607xoxSToH7GjN1FfSbLoU0+btTicjsQSWQlh/hZykN8KpmMf7uYwPW3R+akZ6R/w18ZlXSHBYXiYUPO3g==}
    engines: {node: '>= 0.10'}
    dev: false

  /lodash/4.17.21:
    resolution: {integrity: sha512-v2kDEe57lecTulaDIuNTPy3Ry4gLGJ6Z1O3vE1krgXZNrsQ+LFTGHVxVjcXPs17LhbZVGedAJv8XZ1tvj5FvSg==}
    dev: false

  /lru-cache/6.0.0:
    resolution: {integrity: sha512-Jo6dJ04CmSjuznwJSS3pUeWmd/H0ffTlkXXgwZi+eq1UCmqQwCh+eLsYOYCwY991i2Fah4h1BEMCx4qThGbsiA==}
    engines: {node: '>=10'}
    dependencies:
      yallist: 4.0.0
    dev: false

  /media-typer/0.3.0:
    resolution: {integrity: sha512-dq+qelQ9akHpcOl/gUVRTxVIOkAJ1wR3QAvb4RsVjS8oVoFjDGTc679wJYmUmknUF5HwMLOgb5O+a3KxfWapPQ==}
    engines: {node: '>= 0.6'}
    dev: false

  /merge-descriptors/1.0.1:
    resolution: {integrity: sha512-cCi6g3/Zr1iqQi6ySbseM1Xvooa98N0w31jzUYrXPX2xqObmFGHJ0tQ5u74H3mVh7wLouTseZyYIq39g8cNp1w==}
    dev: false

  /methods/1.1.2:
    resolution: {integrity: sha512-iclAHeNqNm68zFtnZ0e+1L2yUIdvzNoauKU4WBA3VvH/vPFieF7qfRlwUZU+DA9P9bPXIS90ulxoUoCH23sV2w==}
    engines: {node: '>= 0.6'}
    dev: false

  /mime-db/1.52.0:
    resolution: {integrity: sha512-sPU4uV7dYlvtWJxwwxHD0PuihVNiE7TyAbQ5SWxDCB9mUYvOgroQOwYQQOKPJ8CIbE+1ETVlOoK1UC2nU3gYvg==}
    engines: {node: '>= 0.6'}
    dev: false

  /mime-types/2.1.35:
    resolution: {integrity: sha512-ZDY+bPm5zTTF+YpCrAU9nK0UgICYPT0QtT1NZWFv4s++TNkcgVaT0g6+4R2uI4MjQjzysHB1zxuWL50hzaeXiw==}
    engines: {node: '>= 0.6'}
    dependencies:
      mime-db: 1.52.0
    dev: false

  /mime/1.4.1:
    resolution: {integrity: sha512-KI1+qOZu5DcW6wayYHSzR/tXKCDC5Om4s1z2QJjDULzLcmf3DvzS7oluY4HCTrc+9FiKmWUgeNLg7W3uIQvxtQ==}
    hasBin: true
    dev: false

  /moment-timezone/0.5.41:
    resolution: {integrity: sha512-e0jGNZDOHfBXJGz8vR/sIMXvBIGJJcqFjmlg9lmE+5KX1U7/RZNMswfD8nKnNCnQdKTIj50IaRKwl1fvMLyyRg==}
    dependencies:
      moment: 2.29.4
    dev: false

  /moment/2.29.4:
    resolution: {integrity: sha512-5LC9SOxjSc2HF6vO2CyuTDNivEdoz2IvyJJGj6X8DJ0eFyfszE0QiEd+iXmBvUP3WHxSjFH/vIsA0EN00cgr8w==}
    dev: false

  /morgan/1.9.1:
    resolution: {integrity: sha512-HQStPIV4y3afTiCYVxirakhlCfGkI161c76kKFca7Fk1JusM//Qeo1ej2XaMniiNeaZklMVrh3vTtIzpzwbpmA==}
    engines: {node: '>= 0.8.0'}
    dependencies:
      basic-auth: 2.0.1
      debug: 2.6.9
      depd: 1.1.2
      on-finished: 2.3.0
      on-headers: 1.0.2
    transitivePeerDependencies:
      - supports-color
    dev: false

  /ms/2.0.0:
    resolution: {integrity: sha512-Tpp60P6IUJDTuOq/5Z8cdskzJujfwqfOTkrwIwj7IRISpnkJnT6SyJ4PCPnGMoFjC9ddhal5KVIYtAt97ix05A==}
    dev: false

  /ms/2.1.2:
    resolution: {integrity: sha512-sGkPx+VjMtmA6MX27oA4FBFELFCZZ4S4XqeGOXCv68tT+jb3vk/RyaKWP0PTKyWtmLSM0b+adUTEvbs1PEaH2w==}
    dev: false

  /negotiator/0.6.3:
    resolution: {integrity: sha512-+EUsqGPLsM+j/zdChZjsnX51g4XrHFOIXwfnCVPGlQk/k5giakcKsuxCObBRu6DSm9opw/O6slWbJdghQM4bBg==}
    engines: {node: '>= 0.6'}
    dev: false

  /on-finished/2.3.0:
    resolution: {integrity: sha512-ikqdkGAAyf/X/gPhXGvfgAytDZtDbr+bkNUJ0N9h5MI/dmdgCs3l6hoHrcUv41sRKew3jIwrp4qQDXiK99Utww==}
    engines: {node: '>= 0.8'}
    dependencies:
      ee-first: 1.1.1
    dev: false

  /on-headers/1.0.2:
    resolution: {integrity: sha512-pZAE+FJLoyITytdqK0U5s+FIpjN0JP3OzFi/u8Rx+EV5/W+JTWGXG8xFzevE7AjBfDqHv/8vL8qQsIhHnqRkrA==}
    engines: {node: '>= 0.8'}
    dev: false

  /parseurl/1.3.3:
    resolution: {integrity: sha512-CiyeOxFT/JZyN5m0z9PfXw4SCBJ6Sygz1Dpl0wqjlhDEGGBP1GnsUVEL0p63hoG1fcj3fHynXi9NYO4nWOL+qQ==}
    engines: {node: '>= 0.8'}
    dev: false

  /path-to-regexp/0.1.7:
    resolution: {integrity: sha512-5DFkuoqlv1uYQKxy8omFBeJPQcdoE07Kv2sferDCrAq1ohOU+MSDswDIbnx3YAM60qIOnYa53wBhXW0EbMonrQ==}
    dev: false

  /pg-connection-string/2.5.0:
    resolution: {integrity: sha512-r5o/V/ORTA6TmUnyWZR9nCj1klXCO2CEKNRlVuJptZe85QuhFayC7WeMic7ndayT5IRIR0S0xFxFi2ousartlQ==}
    dev: false

  /proxy-addr/2.0.7:
    resolution: {integrity: sha512-llQsMLSUDUPT44jdrU/O37qlnifitDP+ZwrmmZcoSKyLKvtZxpyV0n2/bD/N4tBAAZ/gJEdZU7KMraoK1+XYAg==}
    engines: {node: '>= 0.10'}
    dependencies:
      forwarded: 0.2.0
      ipaddr.js: 1.9.1
    dev: false

  /qs/6.5.2:
    resolution: {integrity: sha512-N5ZAX4/LxJmF+7wN74pUD6qAh9/wnvdQcjq9TZjevvXzSUo7bfmw91saqMjzGS2xq91/odN2dW/WOl7qQHNDGA==}
    engines: {node: '>=0.6'}
    dev: false

  /random-bytes/1.0.0:
    resolution: {integrity: sha512-iv7LhNVO047HzYR3InF6pUcUsPQiHTM1Qal51DcGSuZFBil1aBBWG5eHPNek7bvILMaYJ/8RU1e8w1AMdHmLQQ==}
    engines: {node: '>= 0.8'}
    dev: false

  /range-parser/1.2.1:
    resolution: {integrity: sha512-Hrgsx+orqoygnmhFbKaHE6c296J+HTAQXoxEF6gNupROmmGJRoyzfG3ccAveqCBrwr/2yxQ5BVd/GTl5agOwSg==}
    engines: {node: '>= 0.6'}
    dev: false

  /raw-body/2.3.3:
    resolution: {integrity: sha512-9esiElv1BrZoI3rCDuOuKCBRbuApGGaDPQfjSflGxdy4oyzqghxu6klEkkVIvBje+FF0BX9coEv8KqW6X/7njw==}
    engines: {node: '>= 0.8'}
    dependencies:
      bytes: 3.0.0
      http-errors: 1.6.3
      iconv-lite: 0.4.23
      unpipe: 1.0.0
    dev: false

  /retry-as-promised/7.0.4:
    resolution: {integrity: sha512-XgmCoxKWkDofwH8WddD0w85ZfqYz+ZHlr5yo+3YUCfycWawU56T5ckWXsScsj5B8tqUcIG67DxXByo3VUgiAdA==}
    dev: false

  /safe-buffer/5.1.2:
    resolution: {integrity: sha512-Gd2UZBJDkXlY7GbJxfsE8/nvKkUEU1G38c1siN6QP6a9PT9MmHB8GnpscSmMJSoF8LOIrt8ud/wPtojys4G6+g==}
    dev: false

  /safe-buffer/5.2.1:
    resolution: {integrity: sha512-rp3So07KcdmmKbGvgaNxQSJr7bGVSVk5S9Eq1F+ppbRo70+YeaDxkw5Dd8NPN+GD6bjnYm2VuPuCXmpuYvmCXQ==}
    dev: false

  /safer-buffer/2.1.2:
    resolution: {integrity: sha512-YZo3K82SD7Riyi0E1EQPojLz7kpepnSQI9IyPbHHg1XXXevb5dJI7tpyN2ADxGcQbHG7vcyRHk0cbwqcQriUtg==}
    dev: false

  /semver/7.3.8:
    resolution: {integrity: sha512-NB1ctGL5rlHrPJtFDVIVzTyQylMLu9N9VICA6HSFJo8MCGVTMW6gfpicwKmmK/dAjTOrqu5l63JJOpDSrAis3A==}
    engines: {node: '>=10'}
    hasBin: true
    dependencies:
      lru-cache: 6.0.0
    dev: false

  /send/0.16.2:
    resolution: {integrity: sha512-E64YFPUssFHEFBvpbbjr44NCLtI1AohxQ8ZSiJjQLskAdKuriYEP6VyGEsRDH8ScozGpkaX1BGvhanqCwkcEZw==}
    engines: {node: '>= 0.8.0'}
    dependencies:
      debug: 2.6.9
      depd: 1.1.2
      destroy: 1.0.4
      encodeurl: 1.0.2
      escape-html: 1.0.3
      etag: 1.8.1
      fresh: 0.5.2
      http-errors: 1.6.3
      mime: 1.4.1
      ms: 2.0.0
      on-finished: 2.3.0
      range-parser: 1.2.1
      statuses: 1.4.0
    transitivePeerDependencies:
      - supports-color
    dev: false

  /sequelize-pool/7.1.0:
    resolution: {integrity: sha512-G9c0qlIWQSK29pR/5U2JF5dDQeqqHRragoyahj/Nx4KOOQ3CPPfzxnfqFPCSB7x5UgjOgnZ61nSxz+fjDpRlJg==}
    engines: {node: '>= 10.0.0'}
    dev: false

  /sequelize/6.29.0:
    resolution: {integrity: sha512-m8Wi90rs3NZP9coXE52c7PL4Q078nwYZXqt1IxPvgki7nOFn0p/F0eKsYDBXCPw9G8/BCEa6zZNk0DQUAT4ypA==}
    engines: {node: '>=10.0.0'}
    peerDependencies:
      ibm_db: '*'
      mariadb: '*'
      mysql2: '*'
      oracledb: '*'
      pg: '*'
      pg-hstore: '*'
      snowflake-sdk: '*'
      sqlite3: '*'
      tedious: '*'
    peerDependenciesMeta:
      ibm_db:
        optional: true
      mariadb:
        optional: true
      mysql2:
        optional: true
      oracledb:
        optional: true
      pg:
        optional: true
      pg-hstore:
        optional: true
      snowflake-sdk:
        optional: true
      sqlite3:
        optional: true
      tedious:
        optional: true
    dependencies:
      '@types/debug': 4.1.7
      '@types/validator': 13.7.12
      debug: 4.3.4
      dottie: 2.0.3
      inflection: 1.13.4
      lodash: 4.17.21
      moment: 2.29.4
      moment-timezone: 0.5.41
      pg-connection-string: 2.5.0
      retry-as-promised: 7.0.4
      semver: 7.3.8
      sequelize-pool: 7.1.0
      toposort-class: 1.0.1
      uuid: 8.3.2
      validator: 13.9.0
      wkx: 0.5.0
    transitivePeerDependencies:
      - supports-color
    dev: false

  /serve-static/1.13.2:
    resolution: {integrity: sha512-p/tdJrO4U387R9oMjb1oj7qSMaMfmOyd4j9hOFoxZe2baQszgHcSWjuya/CiT5kgZZKRudHNOA0pYXOl8rQ5nw==}
    engines: {node: '>= 0.8.0'}
    dependencies:
      encodeurl: 1.0.2
      escape-html: 1.0.3
      parseurl: 1.3.3
      send: 0.16.2
    transitivePeerDependencies:
      - supports-color
    dev: false

  /setprototypeof/1.1.0:
    resolution: {integrity: sha512-BvE/TwpZX4FXExxOxZyRGQQv651MSwmWKZGqvmPcRIjDqWub67kTKuIMx43cZZrS/cBBzwBcNDWoFxt2XEFIpQ==}
    dev: false

  /statuses/1.4.0:
    resolution: {integrity: sha512-zhSCtt8v2NDrRlPQpCNtw/heZLtfUDqxBM1udqikb/Hbk52LK4nQSwr10u77iopCW5LsyHpuXS0GnEc48mLeew==}
    engines: {node: '>= 0.6'}
    dev: false

  /statuses/1.5.0:
    resolution: {integrity: sha512-OpZ3zP+jT1PI7I8nemJX4AKmAX070ZkYPVWV/AaKTJl+tXCTGyVdC1a4SL8RUQYEwk/f34ZX8UTykN68FwrqAA==}
    engines: {node: '>= 0.6'}
    dev: false

  /toposort-class/1.0.1:
    resolution: {integrity: sha512-OsLcGGbYF3rMjPUf8oKktyvCiUxSbqMMS39m33MAjLTC1DVIH6x3WSt63/M77ihI09+Sdfk1AXvfhCEeUmC7mg==}
    dev: false

  /type-is/1.6.18:
    resolution: {integrity: sha512-TkRKr9sUTxEH8MdfuCSP7VizJyzRNMjj2J2do2Jr3Kym598JVdEksuzPQCnlFPW4ky9Q+iA+ma9BGm06XQBy8g==}
    engines: {node: '>= 0.6'}
    dependencies:
      media-typer: 0.3.0
      mime-types: 2.1.35
    dev: false

  /uid-safe/2.1.5:
    resolution: {integrity: sha512-KPHm4VL5dDXKz01UuEd88Df+KzynaohSL9fBh096KWAxSKZQDI2uBrVqtvRM4rwrIrRRKsdLNML/lnaaVSRioA==}
    engines: {node: '>= 0.8'}
    dependencies:
      random-bytes: 1.0.0
    dev: false

  /unpipe/1.0.0:
    resolution: {integrity: sha512-pjy2bYhSsufwWlKwPc+l3cN7+wuJlK6uz0YdJEOlQDbl6jo/YlPi4mb8agUkVC8BF7V8NuzeyPNqRksA3hztKQ==}
    engines: {node: '>= 0.8'}
    dev: false

  /utils-merge/1.0.1:
    resolution: {integrity: sha512-pMZTvIkT1d+TFGvDOqodOclx0QWkkgi6Tdoa8gC8ffGAAqz9pzPTZWAybbsHHoED/ztMtkv/VoYTYyShUn81hA==}
    engines: {node: '>= 0.4.0'}
    dev: false

  /uuid/8.3.2:
    resolution: {integrity: sha512-+NYs2QeMWy+GWFOEm9xnn6HCDp0l7QBD7ml8zLUmJ+93Q5NF0NocErnwkTkXVFNiX3/fpC6afS8Dhb/gz7R7eg==}
    hasBin: true
    dev: false

  /validator/13.9.0:
    resolution: {integrity: sha512-B+dGG8U3fdtM0/aNK4/X8CXq/EcxU2WPrPEkJGslb47qyHsxmbggTWK0yEA4qnYVNF+nxNlN88o14hIcPmSIEA==}
    engines: {node: '>= 0.10'}
    dev: false

  /vary/1.1.2:
    resolution: {integrity: sha512-BNGbWLfd0eUPabhkXUVm0j8uuvREyTh5ovRa/dyow/BqAbZJyC+5fU+IzQOzmAKzYqYRAISoRhdQr3eIZ/PXqg==}
    engines: {node: '>= 0.8'}
    dev: false

  /wkx/0.5.0:
    resolution: {integrity: sha512-Xng/d4Ichh8uN4l0FToV/258EjMGU9MGcA0HV2d9B/ZpZB3lqQm7nkOdZdm5GhKtLLhAE7PiVQwN4eN+2YJJUg==}
    dependencies:
      '@types/node': 18.14.2
    dev: false

  /yallist/4.0.0:
    resolution: {integrity: sha512-3wdGidZyq5PB084XLES5TpOSRA3wjXAlIWMhum2kRcv/41Sn2emQ0dycQW4uZXLejwKvg6EsvbdlVL+FYEct7A==}
    dev: false
